
Microsoft Visual Studio Solution File, Format Version 12.00
# Visual Studio Version 17
VisualStudioVersion = 17.13.35825.156
MinimumVisualStudioVersion = 10.0.40219.1
Project("{FAE04EC0-301F-11D3-BF4B-00C04F79EFBC}") = "Formation_E-Challenge_ASP-MVC", "Formation_E-Challenge_ASP-MVC\Formation_E-Challenge_ASP-MVC.csproj", "{F7DCF48D-A4D9-4800-8ADB-3C65E28E8D01}"
EndProject
Global
	GlobalSection(SolutionConfigurationPlatforms) = preSolution
		Debug|Any CPU = Debug|Any CPU
		Release|Any CPU = Release|Any CPU
	EndGlobalSection
	GlobalSection(ProjectConfigurationPlatforms) = postSolution
		{F7DCF48D-A4D9-4800-8ADB-3C65E28E8D01}.Debug|Any CPU.ActiveCfg = Debug|Any CPU
		{F7DCF48D-A4D9-4800-8ADB-3C65E28E8D01}.Debug|Any CPU.Build.0 = Debug|Any CPU
		{F7DCF48D-A4D9-4800-8ADB-3C65E28E8D01}.Release|Any CPU.ActiveCfg = Release|Any CPU
		{F7DCF48D-A4D9-4800-8ADB-3C65E28E8D01}.Release|Any CPU.Build.0 = Release|Any CPU
	EndGlobalSection
	GlobalSection(SolutionProperties) = preSolution
		HideSolutionNode = FALSE
	EndGlobalSection
	GlobalSection(ExtensibilityGlobals) = postSolution
		SolutionGuid = {822C12F3-BAD4-4FCD-8616-3AAADEAD9053}
	EndGlobalSection
EndGlobal
